
Microsoft Visual Studio Solution File, Format Version 12.00
# Visual Studio Version 17
VisualStudioVersion = 17.4.33213.308
MinimumVisualStudioVersion = 10.0.40219.1
Project("{FAE04EC0-301F-11D3-BF4B-00C04F79EFBC}") = "semana2ex2", "semana2ex2\semana2ex2.csproj", "{BA0546AF-746F-4388-8924-3D0E6130EB4F}"
EndProject
Global
	GlobalSection(SolutionConfigurationPlatforms) = preSolution
		Debug|Any CPU = Debug|Any CPU
		Release|Any CPU = Release|Any CPU
	EndGlobalSection
	GlobalSection(ProjectConfigurationPlatforms) = postSolution
		{BA0546AF-746F-4388-8924-3D0E6130EB4F}.Debug|Any CPU.ActiveCfg = Debug|Any CPU
		{BA0546AF-746F-4388-8924-3D0E6130EB4F}.Debug|Any CPU.Build.0 = Debug|Any CPU
		{BA0546AF-746F-4388-8924-3D0E6130EB4F}.Release|Any CPU.ActiveCfg = Release|Any CPU
		{BA0546AF-746F-4388-8924-3D0E6130EB4F}.Release|Any CPU.Build.0 = Release|Any CPU
	EndGlobalSection
	GlobalSection(SolutionProperties) = preSolution
		HideSolutionNode = FALSE
	EndGlobalSection
	GlobalSection(ExtensibilityGlobals) = postSolution
		SolutionGuid = {4D491874-6968-4435-8909-D083B29F6D15}
	EndGlobalSection
EndGlobal
