
Microsoft Visual Studio Solution File, Format Version 12.00
# Visual Studio Version 17
VisualStudioVersion = 17.4.33213.308
MinimumVisualStudioVersion = 10.0.40219.1
Project("{FAE04EC0-301F-11D3-BF4B-00C04F79EFBC}") = "M1S02ex4", "M1S02ex4\M1S02ex4.csproj", "{B364AEF8-E87E-46DC-AA55-3755A84E58B7}"
EndProject
Global
	GlobalSection(SolutionConfigurationPlatforms) = preSolution
		Debug|Any CPU = Debug|Any CPU
		Release|Any CPU = Release|Any CPU
	EndGlobalSection
	GlobalSection(ProjectConfigurationPlatforms) = postSolution
		{B364AEF8-E87E-46DC-AA55-3755A84E58B7}.Debug|Any CPU.ActiveCfg = Debug|Any CPU
		{B364AEF8-E87E-46DC-AA55-3755A84E58B7}.Debug|Any CPU.Build.0 = Debug|Any CPU
		{B364AEF8-E87E-46DC-AA55-3755A84E58B7}.Release|Any CPU.ActiveCfg = Release|Any CPU
		{B364AEF8-E87E-46DC-AA55-3755A84E58B7}.Release|Any CPU.Build.0 = Release|Any CPU
	EndGlobalSection
	GlobalSection(SolutionProperties) = preSolution
		HideSolutionNode = FALSE
	EndGlobalSection
	GlobalSection(ExtensibilityGlobals) = postSolution
		SolutionGuid = {C517A759-E412-49F0-B33C-08C6BB5ADDE7}
	EndGlobalSection
EndGlobal
